// !$*UTF8*$!
{
	archiveVersion = 1;
	classes = {
	};
	objectVersion = 50;
	objects = {

/* Begin PBXBuildFile section */
		43D2E70723CB968B00192433 /* AppDelegate.swift in Sources */ = {isa = PBXBuildFile; fileRef = 43D2E70623CB968B00192433 /* AppDelegate.swift */; };
		43D2E70923CB968B00192433 /* SceneDelegate.swift in Sources */ = {isa = PBXBuildFile; fileRef = 43D2E70823CB968B00192433 /* SceneDelegate.swift */; };
		43D2E71023CB969000192433 /* Assets.xcassets in Resources */ = {isa = PBXBuildFile; fileRef = 43D2E70F23CB969000192433 /* Assets.xcassets */; };
		43D2E71323CB969000192433 /* LaunchScreen.storyboard in Resources */ = {isa = PBXBuildFile; fileRef = 43D2E71123CB969000192433 /* LaunchScreen.storyboard */; };
		43D2E71D23CB96D200192433 /* MainViewController.swift in Sources */ = {isa = PBXBuildFile; fileRef = 43D2E71B23CB96D200192433 /* MainViewController.swift */; };
		43D2E71E23CB96D200192433 /* MainViewController.xib in Resources */ = {isa = PBXBuildFile; fileRef = 43D2E71C23CB96D200192433 /* MainViewController.xib */; };
		43D2E72023CB973800192433 /* MainNavigationController.swift in Sources */ = {isa = PBXBuildFile; fileRef = 43D2E71F23CB973800192433 /* MainNavigationController.swift */; };
		43D2E72223CB997000192433 /* NetworkManager.swift in Sources */ = {isa = PBXBuildFile; fileRef = 43D2E72123CB997000192433 /* NetworkManager.swift */; };
		43D2E72423CBA8A100192433 /* UIViewController+Extentions.swift in Sources */ = {isa = PBXBuildFile; fileRef = 43D2E72323CBA8A100192433 /* UIViewController+Extentions.swift */; };
/* End PBXBuildFile section */

/* Begin PBXFileReference section */
		43D2E70323CB968B00192433 /* OfferWallTest.app */ = {isa = PBXFileReference; explicitFileType = wrapper.application; includeInIndex = 0; path = OfferWallTest.app; sourceTree = BUILT_PRODUCTS_DIR; };
		43D2E70623CB968B00192433 /* AppDelegate.swift */ = {isa = PBXFileReference; lastKnownFileType = sourcecode.swift; path = AppDelegate.swift; sourceTree = "<group>"; };
		43D2E70823CB968B00192433 /* SceneDelegate.swift */ = {isa = PBXFileReference; lastKnownFileType = sourcecode.swift; path = SceneDelegate.swift; sourceTree = "<group>"; };
		43D2E70F23CB969000192433 /* Assets.xcassets */ = {isa = PBXFileReference; lastKnownFileType = folder.assetcatalog; path = Assets.xcassets; sourceTree = "<group>"; };
		43D2E71223CB969000192433 /* Base */ = {isa = PBXFileReference; lastKnownFileType = file.storyboard; name = Base; path = Base.lproj/LaunchScreen.storyboard; sourceTree = "<group>"; };
		43D2E71423CB969000192433 /* Info.plist */ = {isa = PBXFileReference; lastKnownFileType = text.plist.xml; path = Info.plist; sourceTree = "<group>"; };
		43D2E71B23CB96D200192433 /* MainViewController.swift */ = {isa = PBXFileReference; lastKnownFileType = sourcecode.swift; path = MainViewController.swift; sourceTree = "<group>"; };
		43D2E71C23CB96D200192433 /* MainViewController.xib */ = {isa = PBXFileReference; lastKnownFileType = file.xib; path = MainViewController.xib; sourceTree = "<group>"; };
		43D2E71F23CB973800192433 /* MainNavigationController.swift */ = {isa = PBXFileReference; lastKnownFileType = sourcecode.swift; path = MainNavigationController.swift; sourceTree = "<group>"; };
		43D2E72123CB997000192433 /* NetworkManager.swift */ = {isa = PBXFileReference; lastKnownFileType = sourcecode.swift; path = NetworkManager.swift; sourceTree = "<group>"; };
		43D2E72323CBA8A100192433 /* UIViewController+Extentions.swift */ = {isa = PBXFileReference; lastKnownFileType = sourcecode.swift; path = "UIViewController+Extentions.swift"; sourceTree = "<group>"; };
/* End PBXFileReference section */

/* Begin PBXFrameworksBuildPhase section */
		43D2E70023CB968B00192433 /* Frameworks */ = {
			isa = PBXFrameworksBuildPhase;
			buildActionMask = 2147483647;
			files = (
			);
			runOnlyForDeploymentPostprocessing = 0;
		};
/* End PBXFrameworksBuildPhase section */

/* Begin PBXGroup section */
		43D2E6FA23CB968B00192433 = {
			isa = PBXGroup;
			children = (
				43D2E70523CB968B00192433 /* OfferWallTest */,
				43D2E70423CB968B00192433 /* Products */,
			);
			sourceTree = "<group>";
		};
		43D2E70423CB968B00192433 /* Products */ = {
			isa = PBXGroup;
			children = (
				43D2E70323CB968B00192433 /* OfferWallTest.app */,
			);
			name = Products;
			sourceTree = "<group>";
		};
		43D2E70523CB968B00192433 /* OfferWallTest */ = {
			isa = PBXGroup;
			children = (
				43D2E71A23CB96B900192433 /* MainViewController */,
				43D2E70623CB968B00192433 /* AppDelegate.swift */,
				43D2E70823CB968B00192433 /* SceneDelegate.swift */,
				43D2E70F23CB969000192433 /* Assets.xcassets */,
				43D2E71123CB969000192433 /* LaunchScreen.storyboard */,
				43D2E71423CB969000192433 /* Info.plist */,
				43D2E71F23CB973800192433 /* MainNavigationController.swift */,
				43D2E72123CB997000192433 /* NetworkManager.swift */,
				43D2E72323CBA8A100192433 /* UIViewController+Extentions.swift */,
			);
			path = OfferWallTest;
			sourceTree = "<group>";
		};
		43D2E71A23CB96B900192433 /* MainViewController */ = {
			isa = PBXGroup;
			children = (
				43D2E71B23CB96D200192433 /* MainViewController.swift */,
				43D2E71C23CB96D200192433 /* MainViewController.xib */,
			);
			path = MainViewController;
			sourceTree = "<group>";
		};
/* End PBXGroup section */

/* Begin PBXNativeTarget section */
		43D2E70223CB968B00192433 /* OfferWallTest */ = {
			isa = PBXNativeTarget;
			buildConfigurationList = 43D2E71723CB969000192433 /* Build configuration list for PBXNativeTarget "OfferWallTest" */;
			buildPhases = (
				43D2E6FF23CB968B00192433 /* Sources */,
				43D2E70023CB968B00192433 /* Frameworks */,
				43D2E70123CB968B00192433 /* Resources */,
			);
			buildRules = (
			);
			dependencies = (
			);
			name = OfferWallTest;
			productName = OfferWallTest;
			productReference = 43D2E70323CB968B00192433 /* OfferWallTest.app */;
			productType = "com.apple.product-type.application";
		};
/* End PBXNativeTarget section */

/* Begin PBXProject section */
		43D2E6FB23CB968B00192433 /* Project object */ = {
			isa = PBXProject;
			attributes = {
				LastSwiftUpdateCheck = 1130;
				LastUpgradeCheck = 1130;
				ORGANIZATIONNAME = "Arsenkin Bogdan";
				TargetAttributes = {
					43D2E70223CB968B00192433 = {
						CreatedOnToolsVersion = 11.3;
					};
				};
			};
			buildConfigurationList = 43D2E6FE23CB968B00192433 /* Build configuration list for PBXProject "OfferWallTest" */;
			compatibilityVersion = "Xcode 9.3";
			developmentRegion = en;
			hasScannedForEncodings = 0;
			knownRegions = (
				en,
				Base,
			);
			mainGroup = 43D2E6FA23CB968B00192433;
			productRefGroup = 43D2E70423CB968B00192433 /* Products */;
			projectDirPath = "";
			projectRoot = "";
			targets = (
				43D2E70223CB968B00192433 /* OfferWallTest */,
			);
		};
/* End PBXProject section */

/* Begin PBXResourcesBuildPhase section */
		43D2E70123CB968B00192433 /* Resources */ = {
			isa = PBXResourcesBuildPhase;
			buildActionMask = 2147483647;
			files = (
				43D2E71323CB969000192433 /* LaunchScreen.storyboard in Resources */,
				43D2E71023CB969000192433 /* Assets.xcassets in Resources */,
				43D2E71E23CB96D200192433 /* MainViewController.xib in Resources */,
			);
			runOnlyForDeploymentPostprocessing = 0;
		};
/* End PBXResourcesBuildPhase section */

/* Begin PBXSourcesBuildPhase section */
		43D2E6FF23CB968B00192433 /* Sources */ = {
			isa = PBXSourcesBuildPhase;
			buildActionMask = 2147483647;
			files = (
				43D2E70723CB968B00192433 /* AppDelegate.swift in Sources */,
				43D2E70923CB968B00192433 /* SceneDelegate.swift in Sources */,
				43D2E72223CB997000192433 /* NetworkManager.swift in Sources */,
				43D2E72423CBA8A100192433 /* UIViewController+Extentions.swift in Sources */,
				43D2E72023CB973800192433 /* MainNavigationController.swift in Sources */,
				43D2E71D23CB96D200192433 /* MainViewController.swift in Sources */,
			);
			runOnlyForDeploymentPostprocessing = 0;
		};
/* End PBXSourcesBuildPhase section */

/* Begin PBXVariantGroup section */
		43D2E71123CB969000192433 /* LaunchScreen.storyboard */ = {
			isa = PBXVariantGroup;
			children = (
				43D2E71223CB969000192433 /* Base */,
			);
			name = LaunchScreen.storyboard;
			sourceTree = "<group>";
		};
/* End PBXVariantGroup section */

/* Begin XCBuildConfiguration section */
		43D2E71523CB969000192433 /* Debug */ = {
			isa = XCBuildConfiguration;
			buildSettings = {
				ALWAYS_SEARCH_USER_PATHS = NO;
				CLANG_ANALYZER_NONNULL = YES;
				CLANG_ANALYZER_NUMBER_OBJECT_CONVERSION = YES_AGGRESSIVE;
				CLANG_CXX_LANGUAGE_STANDARD = "gnu++14";
				CLANG_CXX_LIBRARY = "libc++";
				CLANG_ENABLE_MODULES = YES;
				CLANG_ENABLE_OBJC_ARC = YES;
				CLANG_ENABLE_OBJC_WEAK = YES;
				CLANG_WARN_BLOCK_CAPTURE_AUTORELEASING = YES;
				CLANG_WARN_BOOL_CONVERSION = YES;
				CLANG_WARN_COMMA = YES;
				CLANG_WARN_CONSTANT_CONVERSION = YES;
				CLANG_WARN_DEPRECATED_OBJC_IMPLEMENTATIONS = YES;
				CLANG_WARN_DIRECT_OBJC_ISA_USAGE = YES_ERROR;
				CLANG_WARN_DOCUMENTATION_COMMENTS = YES;
				CLANG_WARN_EMPTY_BODY = YES;
				CLANG_WARN_ENUM_CONVERSION = YES;
				CLANG_WARN_INFINITE_RECURSION = YES;
				CLANG_WARN_INT_CONVERSION = YES;
				CLANG_WARN_NON_LITERAL_NULL_CONVERSION = YES;
				CLANG_WARN_OBJC_IMPLICIT_RETAIN_SELF = YES;
				CLANG_WARN_OBJC_LITERAL_CONVERSION = YES;
				CLANG_WARN_OBJC_ROOT_CLASS = YES_ERROR;
				CLANG_WARN_RANGE_LOOP_ANALYSIS = YES;
				CLANG_WARN_STRICT_PROTOTYPES = YES;
				CLANG_WARN_SUSPICIOUS_MOVE = YES;
				CLANG_WARN_UNGUARDED_AVAILABILITY = YES_AGGRESSIVE;
				CLANG_WARN_UNREACHABLE_CODE = YES;
				CLANG_WARN__DUPLICATE_METHOD_MATCH = YES;
				COPY_PHASE_STRIP = NO;
				DEBUG_INFORMATION_FORMAT = dwarf;
				ENABLE_STRICT_OBJC_MSGSEND = YES;
				ENABLE_TESTABILITY = YES;
				GCC_C_LANGUAGE_STANDARD = gnu11;
				GCC_DYNAMIC_NO_PIC = NO;
				GCC_NO_COMMON_BLOCKS = YES;
				GCC_OPTIMIZATION_LEVEL = 0;
				GCC_PREPROCESSOR_DEFINITIONS = (
					"DEBUG=1",
					"$(inherited)",
				);
				GCC_WARN_64_TO_32_BIT_CONVERSION = YES;
				GCC_WARN_ABOUT_RETURN_TYPE = YES_ERROR;
				GCC_WARN_UNDECLARED_SELECTOR = YES;
				GCC_WARN_UNINITIALIZED_AUTOS = YES_AGGRESSIVE;
				GCC_WARN_UNUSED_FUNCTION = YES;
				GCC_WARN_UNUSED_VARIABLE = YES;
				IPHONEOS_DEPLOYMENT_TARGET = 13.2;
				MTL_ENABLE_DEBUG_INFO = INCLUDE_SOURCE;
				MTL_FAST_MATH = YES;
				ONLY_ACTIVE_ARCH = YES;
				SDKROOT = iphoneos;
				SWIFT_ACTIVE_COMPILATION_CONDITIONS = DEBUG;
				SWIFT_OPTIMIZATION_LEVEL = "-Onone";
			};
			name = Debug;
		};
		43D2E71623CB969000192433 /* Release */ = {
			isa = XCBuildConfiguration;
			buildSettings = {
				ALWAYS_SEARCH_USER_PATHS = NO;
				CLANG_ANALYZER_NONNULL = YES;
				CLANG_ANALYZER_NUMBER_OBJECT_CONVERSION = YES_AGGRESSIVE;
				CLANG_CXX_LANGUAGE_STANDARD = "gnu++14";
				CLANG_CXX_LIBRARY = "libc++";
				CLANG_ENABLE_MODULES = YES;
				CLANG_ENABLE_OBJC_ARC = YES;
				CLANG_ENABLE_OBJC_WEAK = YES;
				CLANG_WARN_BLOCK_CAPTURE_AUTORELEASING = YES;
				CLANG_WARN_BOOL_CONVERSION = YES;
				CLANG_WARN_COMMA = YES;
				CLANG_WARN_CONSTANT_CONVERSION = YES;
				CLANG_WARN_DEPRECATED_OBJC_IMPLEMENTATIONS = YES;
				CLANG_WARN_DIRECT_OBJC_ISA_USAGE = YES_ERROR;
				CLANG_WARN_DOCUMENTATION_COMMENTS = YES;
				CLANG_WARN_EMPTY_BODY = YES;
				CLANG_WARN_ENUM_CONVERSION = YES;
				CLANG_WARN_INFINITE_RECURSION = YES;
				CLANG_WARN_INT_CONVERSION = YES;
				CLANG_WARN_NON_LITERAL_NULL_CONVERSION = YES;
				CLANG_WARN_OBJC_IMPLICIT_RETAIN_SELF = YES;
				CLANG_WARN_OBJC_LITERAL_CONVERSION = YES;
				CLANG_WARN_OBJC_ROOT_CLASS = YES_ERROR;
				CLANG_WARN_RANGE_LOOP_ANALYSIS = YES;
				CLANG_WARN_STRICT_PROTOTYPES = YES;
				CLANG_WARN_SUSPICIOUS_MOVE = YES;
				CLANG_WARN_UNGUARDED_AVAILABILITY = YES_AGGRESSIVE;
				CLANG_WARN_UNREACHABLE_CODE = YES;
				CLANG_WARN__DUPLICATE_METHOD_MATCH = YES;
				COPY_PHASE_STRIP = NO;
				DEBUG_INFORMATION_FORMAT = "dwarf-with-dsym";
				ENABLE_NS_ASSERTIONS = NO;
				ENABLE_STRICT_OBJC_MSGSEND = YES;
				GCC_C_LANGUAGE_STANDARD = gnu11;
				GCC_NO_COMMON_BLOCKS = YES;
				GCC_WARN_64_TO_32_BIT_CONVERSION = YES;
				GCC_WARN_ABOUT_RETURN_TYPE = YES_ERROR;
				GCC_WARN_UNDECLARED_SELECTOR = YES;
				GCC_WARN_UNINITIALIZED_AUTOS = YES_AGGRESSIVE;
				GCC_WARN_UNUSED_FUNCTION = YES;
				GCC_WARN_UNUSED_VARIABLE = YES;
				IPHONEOS_DEPLOYMENT_TARGET = 13.2;
				MTL_ENABLE_DEBUG_INFO = NO;
				MTL_FAST_MATH = YES;
				SDKROOT = iphoneos;
				SWIFT_COMPILATION_MODE = wholemodule;
				SWIFT_OPTIMIZATION_LEVEL = "-O";
				VALIDATE_PRODUCT = YES;
			};
			name = Release;
		};
		43D2E71823CB969000192433 /* Debug */ = {
			isa = XCBuildConfiguration;
			buildSettings = {
				ASSETCATALOG_COMPILER_APPICON_NAME = AppIcon;
				CODE_SIGN_STYLE = Automatic;
				DEVELOPMENT_TEAM = R7UFNAWC4M;
				INFOPLIST_FILE = OfferWallTest/Info.plist;
				LD_RUNPATH_SEARCH_PATHS = (
					"$(inherited)",
					"@executable_path/Frameworks",
				);
				PRODUCT_BUNDLE_IDENTIFIER = com.ArsenkinBogdan.OfferWallTest;
				PRODUCT_NAME = "$(TARGET_NAME)";
				SWIFT_VERSION = 5.0;
				TARGETED_DEVICE_FAMILY = 1;
			};
			name = Debug;
		};
		43D2E71923CB969000192433 /* Release */ = {
			isa = XCBuildConfiguration;
			buildSettings = {
				ASSETCATALOG_COMPILER_APPICON_NAME = AppIcon;
				CODE_SIGN_STYLE = Automatic;
				DEVELOPMENT_TEAM = R7UFNAWC4M;
				INFOPLIST_FILE = OfferWallTest/Info.plist;
				LD_RUNPATH_SEARCH_PATHS = (
					"$(inherited)",
					"@executable_path/Frameworks",
				);
				PRODUCT_BUNDLE_IDENTIFIER = com.ArsenkinBogdan.OfferWallTest;
				PRODUCT_NAME = "$(TARGET_NAME)";
				SWIFT_VERSION = 5.0;
				TARGETED_DEVICE_FAMILY = 1;
			};
			name = Release;
		};
/* End XCBuildConfiguration section */

/* Begin XCConfigurationList section */
		43D2E6FE23CB968B00192433 /* Build configuration list for PBXProject "OfferWallTest" */ = {
			isa = XCConfigurationList;
			buildConfigurations = (
				43D2E71523CB969000192433 /* Debug */,
				43D2E71623CB969000192433 /* Release */,
			);
			defaultConfigurationIsVisible = 0;
			defaultConfigurationName = Release;
		};
		43D2E71723CB969000192433 /* Build configuration list for PBXNativeTarget "OfferWallTest" */ = {
			isa = XCConfigurationList;
			buildConfigurations = (
				43D2E71823CB969000192433 /* Debug */,
				43D2E71923CB969000192433 /* Release */,
			);
			defaultConfigurationIsVisible = 0;
			defaultConfigurationName = Release;
		};
/* End XCConfigurationList section */
	};
	rootObject = 43D2E6FB23CB968B00192433 /* Project object */;
}
